{
  "name": "flair-visualizations-pkg",
  "version": "1.0.2",
  "lockfileVersion": 1,
  "requires": true,
  "dependencies": {
    "flair-visualizations": {
      "version": "1.0.1",
      "resolved": "https://registry.npmjs.org/flair-visualizations/-/flair-visualizations-1.0.1.tgz",
      "integrity": "sha512-Hgr3evsjfsUXvUy5tvJpshFtT56laZS4ssjMV9I9nWgtzO2N28w7Zi2QjLY9HOPKujQdKO9cF+uKydwvHEFdig=="
    }
  }
}
